{
  "lockfileVersion": 1,
  "configVersion": 1,
  "workspaces": {
    "": {
      "name": "font-bench",
      "dependencies": {
        "@cursor/sdk": "^1.0.22",
        "e2b": "^2.31.0",
        "fontkit": "^2.0.4",
        "sharp": "^0.34.5",
      },
      "devDependencies": {
        "@types/bun": "^1.3.4",
        "typescript": "^5.9.3",
      },
    },
  },
  "packages": {
    "@bufbuild/protobuf": ["@bufbuild/protobuf@1.10.0", "", {}, "sha512-QDdVFLoN93Zjg36NoQPZfsVH9tZew7wKDKyV5qRdj8ntT4wQCOradQjRaTdwMhWUYsgKsvCINKKm87FdEk96Ag=="],

    "@connectrpc/connect": ["@connectrpc/connect@1.7.0", "", { "peerDependencies": { "@bufbuild/protobuf": "^1.10.0" } }, "sha512-iNKdJRi69YP3mq6AePRT8F/HrxWCewrhxnLMNm0vpqXAR8biwzRtO6Hjx80C6UvtKJ5sFmffQT7I4Baecz389w=="],

    "@connectrpc/connect-node": ["@connectrpc/connect-node@1.7.0", "", { "dependencies": { "undici": "^5.28.4" }, "peerDependencies": { "@bufbuild/protobuf": "^1.10.0", "@connectrpc/connect": "1.7.0" } }, "sha512-6vaPIkG/NyhxlYgytLoR9KYbPhczEboFB2OYWkA9qvUz1K7efXfeGrlRxoLtpa+r8VxyIOw73w5ktNe743nD+A=="],

    "@connectrpc/connect-web": ["@connectrpc/connect-web@1.7.0", "", { "peerDependencies": { "@bufbuild/protobuf": "^1.10.0", "@connectrpc/connect": "1.7.0" } }, "sha512-qyP0YOnUPRWwCc/VfsoydMJvkb7EyUPr2q9sHgBuJzbADjiqck1gKH5V5ZPzPhTLBvmz5UvG+wiZ5sMRQHU1MQ=="],

    "@cursor/sdk": ["@cursor/sdk@1.0.22", "", { "dependencies": { "@bufbuild/protobuf": "1.10.0", "@connectrpc/connect": "^1.6.1", "@connectrpc/connect-node": "^1.6.1", "@connectrpc/connect-web": "^1.6.1", "@statsig/js-client": "3.31.0", "zod": "^3.25.0" }, "optionalDependencies": { "@cursor/sdk-darwin-arm64": "1.0.22", "@cursor/sdk-darwin-x64": "1.0.22", "@cursor/sdk-linux-arm64": "1.0.22", "@cursor/sdk-linux-x64": "1.0.22", "@cursor/sdk-win32-x64": "1.0.22" } }, "sha512-xn99xoMvq/JwIXmWrpmEGMSY88zPr6dgxGSZYv3m9PytOBrawkwx9CHKosXs8m3ihVcQ+Wrt+TaEIUsgSNc5YA=="],

    "@cursor/sdk-darwin-arm64": ["@cursor/sdk-darwin-arm64@1.0.22", "", { "os": "darwin", "cpu": "arm64", "bin": { "rg": "bin/rg" } }, "sha512-BdGH+cd2VtxbfwYQ52a6mHlPoJkbjpjKfUrmhFQTN3a/A0h/n2Iv6ZCfnzT+IiLv99lYDaQfqzikM2EAzEx+Qw=="],

    "@cursor/sdk-darwin-x64": ["@cursor/sdk-darwin-x64@1.0.22", "", { "os": "darwin", "cpu": "x64", "bin": { "rg": "bin/rg" } }, "sha512-60rL0tYdJ8LYbOq/3cz5xlRyJsWn+LMkG8YQG6CckLsLyMFCzkK3POU0w7jIsRoC17cpSj2miJGtX2dEGSg8tg=="],

    "@cursor/sdk-linux-arm64": ["@cursor/sdk-linux-arm64@1.0.22", "", { "os": "linux", "cpu": "arm64", "bin": { "rg": "bin/rg" } }, "sha512-tpywB5MiBSvGUr9kErfcbG4bOmtHqOsiK+CNOVhjlUFMQ+iCRPfu0VCj+1VGAo258/V6a2GS/1d5CuR14Hq+Ow=="],

    "@cursor/sdk-linux-x64": ["@cursor/sdk-linux-x64@1.0.22", "", { "os": "linux", "cpu": "x64", "bin": { "rg": "bin/rg" } }, "sha512-tmX1kH/pyxhv0dQaJIcCQbdouLrPbKvv8iuALwMzh42piCI51q5pdRzUaWUUtH8VMdFjwZdVsDfumuSwqTlAIA=="],

    "@cursor/sdk-win32-x64": ["@cursor/sdk-win32-x64@1.0.22", "", { "os": "win32", "cpu": "x64", "bin": { "rg": "bin/rg.exe" } }, "sha512-Dy5aI6YN/9rWvGl78kG+UqqTCwdC/eT9SKf9NSPeLXriPaCRYs7JHH/93yuAUmO9IaX+mt/0tKl+CqsYaGimVg=="],

    "@emnapi/runtime": ["@emnapi/runtime@1.11.1", "", { "dependencies": { "tslib": "^2.4.0" } }, "sha512-vgj7R3y3Wgx24IQaGPA/R6YFXLHVMOZ0uVEyIQPaWs+rd1AzfEMXlAC22FYwO1XkKR6NPsq7mUandH8oIRdZFw=="],

    "@fastify/busboy": ["@fastify/busboy@2.1.1", "", {}, "sha512-vBZP4NlzfOlerQTnba4aqZoMhE/a9HY7HRqoOPaETQcSQuWEIyZMHGfVu6w9wGtGK5fED5qRs2DteVCjOH60sA=="],

    "@img/colour": ["@img/colour@1.1.0", "", {}, "sha512-Td76q7j57o/tLVdgS746cYARfSyxk8iEfRxewL9h4OMzYhbW4TAcppl0mT4eyqXddh6L/jwoM75mo7ixa/pCeQ=="],

    "@img/sharp-darwin-arm64": ["@img/sharp-darwin-arm64@0.34.5", "", { "optionalDependencies": { "@img/sharp-libvips-darwin-arm64": "1.2.4" }, "os": "darwin", "cpu": "arm64" }, "sha512-imtQ3WMJXbMY4fxb/Ndp6HBTNVtWCUI0WdobyheGf5+ad6xX8VIDO8u2xE4qc/fr08CKG/7dDseFtn6M6g/r3w=="],

    "@img/sharp-darwin-x64": ["@img/sharp-darwin-x64@0.34.5", "", { "optionalDependencies": { "@img/sharp-libvips-darwin-x64": "1.2.4" }, "os": "darwin", "cpu": "x64" }, "sha512-YNEFAF/4KQ/PeW0N+r+aVVsoIY0/qxxikF2SWdp+NRkmMB7y9LBZAVqQ4yhGCm/H3H270OSykqmQMKLBhBJDEw=="],

    "@img/sharp-libvips-darwin-arm64": ["@img/sharp-libvips-darwin-arm64@1.2.4", "", { "os": "darwin", "cpu": "arm64" }, "sha512-zqjjo7RatFfFoP0MkQ51jfuFZBnVE2pRiaydKJ1G/rHZvnsrHAOcQALIi9sA5co5xenQdTugCvtb1cuf78Vf4g=="],

    "@img/sharp-libvips-darwin-x64": ["@img/sharp-libvips-darwin-x64@1.2.4", "", { "os": "darwin", "cpu": "x64" }, "sha512-1IOd5xfVhlGwX+zXv2N93k0yMONvUlANylbJw1eTah8K/Jtpi15KC+WSiaX/nBmbm2HxRM1gZ0nSdjSsrZbGKg=="],

    "@img/sharp-libvips-linux-arm": ["@img/sharp-libvips-linux-arm@1.2.4", "", { "os": "linux", "cpu": "arm" }, "sha512-bFI7xcKFELdiNCVov8e44Ia4u2byA+l3XtsAj+Q8tfCwO6BQ8iDojYdvoPMqsKDkuoOo+X6HZA0s0q11ANMQ8A=="],

    "@img/sharp-libvips-linux-arm64": ["@img/sharp-libvips-linux-arm64@1.2.4", "", { "os": "linux", "cpu": "arm64" }, "sha512-excjX8DfsIcJ10x1Kzr4RcWe1edC9PquDRRPx3YVCvQv+U5p7Yin2s32ftzikXojb1PIFc/9Mt28/y+iRklkrw=="],

    "@img/sharp-libvips-linux-ppc64": ["@img/sharp-libvips-linux-ppc64@1.2.4", "", { "os": "linux", "cpu": "ppc64" }, "sha512-FMuvGijLDYG6lW+b/UvyilUWu5Ayu+3r2d1S8notiGCIyYU/76eig1UfMmkZ7vwgOrzKzlQbFSuQfgm7GYUPpA=="],

    "@img/sharp-libvips-linux-riscv64": ["@img/sharp-libvips-linux-riscv64@1.2.4", "", { "os": "linux", "cpu": "none" }, "sha512-oVDbcR4zUC0ce82teubSm+x6ETixtKZBh/qbREIOcI3cULzDyb18Sr/Wcyx7NRQeQzOiHTNbZFF1UwPS2scyGA=="],

    "@img/sharp-libvips-linux-s390x": ["@img/sharp-libvips-linux-s390x@1.2.4", "", { "os": "linux", "cpu": "s390x" }, "sha512-qmp9VrzgPgMoGZyPvrQHqk02uyjA0/QrTO26Tqk6l4ZV0MPWIW6LTkqOIov+J1yEu7MbFQaDpwdwJKhbJvuRxQ=="],

    "@img/sharp-libvips-linux-x64": ["@img/sharp-libvips-linux-x64@1.2.4", "", { "os": "linux", "cpu": "x64" }, "sha512-tJxiiLsmHc9Ax1bz3oaOYBURTXGIRDODBqhveVHonrHJ9/+k89qbLl0bcJns+e4t4rvaNBxaEZsFtSfAdquPrw=="],

    "@img/sharp-libvips-linuxmusl-arm64": ["@img/sharp-libvips-linuxmusl-arm64@1.2.4", "", { "os": "linux", "cpu": "arm64" }, "sha512-FVQHuwx1IIuNow9QAbYUzJ+En8KcVm9Lk5+uGUQJHaZmMECZmOlix9HnH7n1TRkXMS0pGxIJokIVB9SuqZGGXw=="],

    "@img/sharp-libvips-linuxmusl-x64": ["@img/sharp-libvips-linuxmusl-x64@1.2.4", "", { "os": "linux", "cpu": "x64" }, "sha512-+LpyBk7L44ZIXwz/VYfglaX/okxezESc6UxDSoyo2Ks6Jxc4Y7sGjpgU9s4PMgqgjj1gZCylTieNamqA1MF7Dg=="],

    "@img/sharp-linux-arm": ["@img/sharp-linux-arm@0.34.5", "", { "optionalDependencies": { "@img/sharp-libvips-linux-arm": "1.2.4" }, "os": "linux", "cpu": "arm" }, "sha512-9dLqsvwtg1uuXBGZKsxem9595+ujv0sJ6Vi8wcTANSFpwV/GONat5eCkzQo/1O6zRIkh0m/8+5BjrRr7jDUSZw=="],

    "@img/sharp-linux-arm64": ["@img/sharp-linux-arm64@0.34.5", "", { "optionalDependencies": { "@img/sharp-libvips-linux-arm64": "1.2.4" }, "os": "linux", "cpu": "arm64" }, "sha512-bKQzaJRY/bkPOXyKx5EVup7qkaojECG6NLYswgktOZjaXecSAeCWiZwwiFf3/Y+O1HrauiE3FVsGxFg8c24rZg=="],

    "@img/sharp-linux-ppc64": ["@img/sharp-linux-ppc64@0.34.5", "", { "optionalDependencies": { "@img/sharp-libvips-linux-ppc64": "1.2.4" }, "os": "linux", "cpu": "ppc64" }, "sha512-7zznwNaqW6YtsfrGGDA6BRkISKAAE1Jo0QdpNYXNMHu2+0dTrPflTLNkpc8l7MUP5M16ZJcUvysVWWrMefZquA=="],

    "@img/sharp-linux-riscv64": ["@img/sharp-linux-riscv64@0.34.5", "", { "optionalDependencies": { "@img/sharp-libvips-linux-riscv64": "1.2.4" }, "os": "linux", "cpu": "none" }, "sha512-51gJuLPTKa7piYPaVs8GmByo7/U7/7TZOq+cnXJIHZKavIRHAP77e3N2HEl3dgiqdD/w0yUfiJnII77PuDDFdw=="],

    "@img/sharp-linux-s390x": ["@img/sharp-linux-s390x@0.34.5", "", { "optionalDependencies": { "@img/sharp-libvips-linux-s390x": "1.2.4" }, "os": "linux", "cpu": "s390x" }, "sha512-nQtCk0PdKfho3eC5MrbQoigJ2gd1CgddUMkabUj+rBevs8tZ2cULOx46E7oyX+04WGfABgIwmMC0VqieTiR4jg=="],

    "@img/sharp-linux-x64": ["@img/sharp-linux-x64@0.34.5", "", { "optionalDependencies": { "@img/sharp-libvips-linux-x64": "1.2.4" }, "os": "linux", "cpu": "x64" }, "sha512-MEzd8HPKxVxVenwAa+JRPwEC7QFjoPWuS5NZnBt6B3pu7EG2Ge0id1oLHZpPJdn3OQK+BQDiw9zStiHBTJQQQQ=="],

    "@img/sharp-linuxmusl-arm64": ["@img/sharp-linuxmusl-arm64@0.34.5", "", { "optionalDependencies": { "@img/sharp-libvips-linuxmusl-arm64": "1.2.4" }, "os": "linux", "cpu": "arm64" }, "sha512-fprJR6GtRsMt6Kyfq44IsChVZeGN97gTD331weR1ex1c1rypDEABN6Tm2xa1wE6lYb5DdEnk03NZPqA7Id21yg=="],

    "@img/sharp-linuxmusl-x64": ["@img/sharp-linuxmusl-x64@0.34.5", "", { "optionalDependencies": { "@img/sharp-libvips-linuxmusl-x64": "1.2.4" }, "os": "linux", "cpu": "x64" }, "sha512-Jg8wNT1MUzIvhBFxViqrEhWDGzqymo3sV7z7ZsaWbZNDLXRJZoRGrjulp60YYtV4wfY8VIKcWidjojlLcWrd8Q=="],

    "@img/sharp-wasm32": ["@img/sharp-wasm32@0.34.5", "", { "dependencies": { "@emnapi/runtime": "^1.7.0" }, "cpu": "none" }, "sha512-OdWTEiVkY2PHwqkbBI8frFxQQFekHaSSkUIJkwzclWZe64O1X4UlUjqqqLaPbUpMOQk6FBu/HtlGXNblIs0huw=="],

    "@img/sharp-win32-arm64": ["@img/sharp-win32-arm64@0.34.5", "", { "os": "win32", "cpu": "arm64" }, "sha512-WQ3AgWCWYSb2yt+IG8mnC6Jdk9Whs7O0gxphblsLvdhSpSTtmu69ZG1Gkb6NuvxsNACwiPV6cNSZNzt0KPsw7g=="],

    "@img/sharp-win32-ia32": ["@img/sharp-win32-ia32@0.34.5", "", { "os": "win32", "cpu": "ia32" }, "sha512-FV9m/7NmeCmSHDD5j4+4pNI8Cp3aW+JvLoXcTUo0IqyjSfAZJ8dIUmijx1qaJsIiU+Hosw6xM5KijAWRJCSgNg=="],

    "@img/sharp-win32-x64": ["@img/sharp-win32-x64@0.34.5", "", { "os": "win32", "cpu": "x64" }, "sha512-+29YMsqY2/9eFEiW93eqWnuLcWcufowXewwSNIT6UwZdUUCrM3oFjMWH/Z6/TMmb4hlFenmfAVbpWeup2jryCw=="],

    "@isaacs/cliui": ["@isaacs/cliui@9.0.0", "", {}, "sha512-AokJm4tuBHillT+FpMtxQ60n8ObyXBatq7jD2/JA9dxbDDokKQm8KMht5ibGzLVU9IJDIKK4TPKgMHEYMn3lMg=="],

    "@isaacs/fs-minipass": ["@isaacs/fs-minipass@4.0.1", "", { "dependencies": { "minipass": "^7.0.4" } }, "sha512-wgm9Ehl2jpeqP3zw/7mo3kRHFp5MEDhqAdwy1fTGkHAwnkGOVsgpvQhL8B5n1qlb01jV3n/bI0ZfZp5lWA1k4w=="],

    "@statsig/client-core": ["@statsig/client-core@3.31.0", "", {}, "sha512-SuxQD6TmVszPG7FoMKwTk/uyBuVFk7XnxI3T/E0uyb7PL7GNjONtfsoh+NqBBVUJVse0CUeSFfgJPoZy1ZOslQ=="],

    "@statsig/js-client": ["@statsig/js-client@3.31.0", "", { "dependencies": { "@statsig/client-core": "3.31.0" } }, "sha512-LFa5E0LjT6sTfZv3sNGoyRLSZ1078+agdgOA+Vm1ecjG+KbSOfBLTW7hMwimrJ29slRwbYDzbtKaPJo/R37N2g=="],

    "@swc/helpers": ["@swc/helpers@0.5.23", "", { "dependencies": { "tslib": "^2.8.0" } }, "sha512-5lSsMOTXURePglDfvuAQUqkGek9Hg2kksOYay2m0+XR++b2NWYL/4sWyuvVBIs8oKnJaxkdi9whaL/sqN13afw=="],

    "@types/bun": ["@types/bun@1.3.14", "", { "dependencies": { "bun-types": "1.3.14" } }, "sha512-h1hFqFVcvAvD9j9K7ZW7vd82aSA+rTdznZa+5bwvCwqSB1jmmfLcbIWhOLx1/+boy/xmjgCs/OMUL8hRJSmnPw=="],

    "@types/node": ["@types/node@26.0.1", "", { "dependencies": { "undici-types": "~8.3.0" } }, "sha512-fc3KiUoBt6kie0N9bIW3E47vZsuaMf0PM2AaUpLCLT0s/LvX1nxAim6Fc049cNxODPpGm6qRAuUOB86SkRuPQw=="],

    "balanced-match": ["balanced-match@4.0.4", "", {}, "sha512-BLrgEcRTwX2o6gGxGOCNyMvGSp35YofuYzw9h1IMTRmKqttAZZVU67bdb9Pr2vUHA8+j3i2tJfjO6C6+4myGTA=="],

    "base64-js": ["base64-js@1.5.1", "", {}, "sha512-AKpaYlHn8t4SVbOHCy+b5+KKgvR4vrsD8vbvrbiQJps7fKDTkjkDry6ji0rUJjC0kzbNePLwzxq8iypo41qeWA=="],

    "brace-expansion": ["brace-expansion@5.0.6", "", { "dependencies": { "balanced-match": "^4.0.2" } }, "sha512-kLpxurY4Z4r9sgMsyG0Z9uzsBlgiU/EFKhj/h91/8yHu0edo7XuixOIH3VcJ8kkxs6/jPzoI6U9Vj3WqbMQ94g=="],

    "brotli": ["brotli@1.3.3", "", { "dependencies": { "base64-js": "^1.1.2" } }, "sha512-oTKjJdShmDuGW94SyyaoQvAjf30dZaHnjJ8uAF+u2/vGJkJbJPJAT1gDiOJP5v1Zb6f9KEyW/1HpuaWIXtGHPg=="],

    "bun-types": ["bun-types@1.3.14", "", { "dependencies": { "@types/node": "*" } }, "sha512-4N0ig0fEomHt5R0KCFWjovxow98rIoRwKolrYdCcknNwMekCXRnWEUvgu5soYV8QXtVsrUD8B95MBOZGPvr6KQ=="],

    "chalk": ["chalk@5.6.2", "", {}, "sha512-7NzBL0rN6fMUW+f7A6Io4h40qQlG+xGmtMxfbnH/K7TAtt8JQWVQK+6g0UXKMeVJoyV5EkkNsErQ8pVD3bLHbA=="],

    "chownr": ["chownr@3.0.0", "", {}, "sha512-+IxzY9BZOQd/XuYPRmrvEVjF/nqj5kgT4kEq7VofrDoM1MxoRjEWkrCC3EtLi59TVawxTAn+orJwFQcrqEN1+g=="],

    "clone": ["clone@2.1.2", "", {}, "sha512-3Pe/CF1Nn94hyhIYpjtiLhdCoEoz0DqQ+988E9gmeEdQZlojxnOb74wctFyuwWQHzqyf9X7C7MG8juUpqBJT8w=="],

    "compare-versions": ["compare-versions@6.1.1", "", {}, "sha512-4hm4VPpIecmlg59CHXnRDnqGplJFrbLG4aFEl5vl6cK1u76ws3LLvX7ikFnTDl5vo39sjWD6AaDPYodJp/NNHg=="],

    "cross-spawn": ["cross-spawn@7.0.6", "", { "dependencies": { "path-key": "^3.1.0", "shebang-command": "^2.0.0", "which": "^2.0.1" } }, "sha512-uV2QOWP2nWzsy2aMp8aRibhi9dlzF5Hgh5SHaB9OiTGEyDTiJJyx0uy51QXdyWbtAHNua4XJzUKca3OzKUd3vA=="],

    "detect-libc": ["detect-libc@2.1.2", "", {}, "sha512-Btj2BOOO83o3WyH59e8MgXsxEQVcarkUOpEYrubB0urwnN10yQ364rsiByU11nZlqWYZm05i/of7io4mzihBtQ=="],

    "dfa": ["dfa@1.2.0", "", {}, "sha512-ED3jP8saaweFTjeGX8HQPjeC1YYyZs98jGNZx6IiBvxW7JG5v492kamAQB3m2wop07CvU/RQmzcKr6bgcC5D/Q=="],

    "dockerfile-ast": ["dockerfile-ast@0.7.1", "", { "dependencies": { "vscode-languageserver-textdocument": "^1.0.8", "vscode-languageserver-types": "^3.17.3" } }, "sha512-oX/A4I0EhSkGqrFv0YuvPkBUSYp1XiY8O8zAKc8Djglx8ocz+JfOr8gP0ryRMC2myqvDLagmnZaU9ot1vG2ijw=="],

    "e2b": ["e2b@2.31.0", "", { "dependencies": { "@bufbuild/protobuf": "^2.6.2", "@connectrpc/connect": "2.0.0-rc.3", "@connectrpc/connect-web": "2.0.0-rc.3", "chalk": "^5.3.0", "compare-versions": "^6.1.0", "dockerfile-ast": "^0.7.1", "glob": "^11.1.0", "openapi-fetch": "^0.14.1", "platform": "^1.3.6", "tar": "^7.5.16", "undici": "^7.28.0" } }, "sha512-vXQomb16mOk+ufi3YFfN6eURm6eC0NZGMK49PXibfpsmy0azcvLbQuHxCkhgyAk5z5GVfrEUwc08QKVtt6KNFg=="],

    "fast-deep-equal": ["fast-deep-equal@3.1.3", "", {}, "sha512-f3qQ9oQy9j2AhBe/H9VC91wLmKBCCU/gDOnKNAYG5hswO7BLKj09Hc5HYNz9cGI++xlpDCIgDaitVs03ATR84Q=="],

    "fontkit": ["fontkit@2.0.4", "", { "dependencies": { "@swc/helpers": "^0.5.12", "brotli": "^1.3.2", "clone": "^2.1.2", "dfa": "^1.2.0", "fast-deep-equal": "^3.1.3", "restructure": "^3.0.0", "tiny-inflate": "^1.0.3", "unicode-properties": "^1.4.0", "unicode-trie": "^2.0.0" } }, "sha512-syetQadaUEDNdxdugga9CpEYVaQIxOwk7GlwZWWZ19//qW4zE5bknOKeMBDYAASwnpaSHKJITRLMF9m1fp3s6g=="],

    "foreground-child": ["foreground-child@3.3.1", "", { "dependencies": { "cross-spawn": "^7.0.6", "signal-exit": "^4.0.1" } }, "sha512-gIXjKqtFuWEgzFRJA9WCQeSJLZDjgJUOMCMzxtvFq/37KojM1BFGufqsCy0r4qSQmYLsZYMeyRqzIWOMup03sw=="],

    "glob": ["glob@11.1.0", "", { "dependencies": { "foreground-child": "^3.3.1", "jackspeak": "^4.1.1", "minimatch": "^10.1.1", "minipass": "^7.1.2", "package-json-from-dist": "^1.0.0", "path-scurry": "^2.0.0" }, "bin": { "glob": "dist/esm/bin.mjs" } }, "sha512-vuNwKSaKiqm7g0THUBu2x7ckSs3XJLXE+2ssL7/MfTGPLLcrJQ/4Uq1CjPTtO5cCIiRxqvN6Twy1qOwhL0Xjcw=="],

    "isexe": ["isexe@2.0.0", "", {}, "sha512-RHxMLp9lnKHGHRng9QFhRCMbYAcVpn69smSGcq3f36xjgVVWThj4qqLbTLlq7Ssj8B+fIQ1EuCEGI2lKsyQeIw=="],

    "jackspeak": ["jackspeak@4.2.3", "", { "dependencies": { "@isaacs/cliui": "^9.0.0" } }, "sha512-ykkVRwrYvFm1nb2AJfKKYPr0emF6IiXDYUaFx4Zn9ZuIH7MrzEZ3sD5RlqGXNRpHtvUHJyOnCEFxOlNDtGo7wg=="],

    "lru-cache": ["lru-cache@11.5.1", "", {}, "sha512-RPimw/7aMdv2oqRrxKwvZXcPfwBrn/JZ2xYcY9Hus/6LaS3VOAKVWKWgNLCFSiOm1ESXinjsDlidVU7JlnCN2A=="],

    "minimatch": ["minimatch@10.2.5", "", { "dependencies": { "brace-expansion": "^5.0.5" } }, "sha512-MULkVLfKGYDFYejP07QOurDLLQpcjk7Fw+7jXS2R2czRQzR56yHRveU5NDJEOviH+hETZKSkIk5c+T23GjFUMg=="],

    "minipass": ["minipass@7.1.3", "", {}, "sha512-tEBHqDnIoM/1rXME1zgka9g6Q2lcoCkxHLuc7ODJ5BxbP5d4c2Z5cGgtXAku59200Cx7diuHTOYfSBD8n6mm8A=="],

    "minizlib": ["minizlib@3.1.0", "", { "dependencies": { "minipass": "^7.1.2" } }, "sha512-KZxYo1BUkWD2TVFLr0MQoM8vUUigWD3LlD83a/75BqC+4qE0Hb1Vo5v1FgcfaNXvfXzr+5EhQ6ing/CaBijTlw=="],

    "openapi-fetch": ["openapi-fetch@0.14.1", "", { "dependencies": { "openapi-typescript-helpers": "^0.0.15" } }, "sha512-l7RarRHxlEZYjMLd/PR0slfMVse2/vvIAGm75/F7J6MlQ8/b9uUQmUF2kCPrQhJqMXSxmYWObVgeYXbFYzZR+A=="],

    "openapi-typescript-helpers": ["openapi-typescript-helpers@0.0.15", "", {}, "sha512-opyTPaunsklCBpTK8JGef6mfPhLSnyy5a0IN9vKtx3+4aExf+KxEqYwIy3hqkedXIB97u357uLMJsOnm3GVjsw=="],

    "package-json-from-dist": ["package-json-from-dist@1.0.1", "", {}, "sha512-UEZIS3/by4OC8vL3P2dTXRETpebLI2NiI5vIrjaD/5UtrkFX/tNbwjTSRAGC/+7CAo2pIcBaRgWmcBBHcsaCIw=="],

    "pako": ["pako@0.2.9", "", {}, "sha512-NUcwaKxUxWrZLpDG+z/xZaCgQITkA/Dv4V/T6bw7VON6l1Xz/VnrBqrYjZQ12TamKHzITTfOEIYUj48y2KXImA=="],

    "path-key": ["path-key@3.1.1", "", {}, "sha512-ojmeN0qd+y0jszEtoY48r0Peq5dwMEkIlCOu6Q5f41lfkswXuKtYrhgoTpLnyIcHm24Uhqx+5Tqm2InSwLhE6Q=="],

    "path-scurry": ["path-scurry@2.0.2", "", { "dependencies": { "lru-cache": "^11.0.0", "minipass": "^7.1.2" } }, "sha512-3O/iVVsJAPsOnpwWIeD+d6z/7PmqApyQePUtCndjatj/9I5LylHvt5qluFaBT3I5h3r1ejfR056c+FCv+NnNXg=="],

    "platform": ["platform@1.3.6", "", {}, "sha512-fnWVljUchTro6RiCFvCXBbNhJc2NijN7oIQxbwsyL0buWJPG85v81ehlHI9fXrJsMNgTofEoWIQeClKpgxFLrg=="],

    "restructure": ["restructure@3.0.2", "", {}, "sha512-gSfoiOEA0VPE6Tukkrr7I0RBdE0s7H1eFCDBk05l1KIQT1UIKNc5JZy6jdyW6eYH3aR3g5b3PuL77rq0hvwtAw=="],

    "semver": ["semver@7.8.5", "", { "bin": { "semver": "bin/semver.js" } }, "sha512-Y7/KDsb8LjooZpwaqGyulO6DQlksgCncchHGk+sZIY4SBvUocMBEFH5Ur1fI4dV+Jvl0w6cjvucaIi40puRioA=="],

    "sharp": ["sharp@0.34.5", "", { "dependencies": { "@img/colour": "^1.0.0", "detect-libc": "^2.1.2", "semver": "^7.7.3" }, "optionalDependencies": { "@img/sharp-darwin-arm64": "0.34.5", "@img/sharp-darwin-x64": "0.34.5", "@img/sharp-libvips-darwin-arm64": "1.2.4", "@img/sharp-libvips-darwin-x64": "1.2.4", "@img/sharp-libvips-linux-arm": "1.2.4", "@img/sharp-libvips-linux-arm64": "1.2.4", "@img/sharp-libvips-linux-ppc64": "1.2.4", "@img/sharp-libvips-linux-riscv64": "1.2.4", "@img/sharp-libvips-linux-s390x": "1.2.4", "@img/sharp-libvips-linux-x64": "1.2.4", "@img/sharp-libvips-linuxmusl-arm64": "1.2.4", "@img/sharp-libvips-linuxmusl-x64": "1.2.4", "@img/sharp-linux-arm": "0.34.5", "@img/sharp-linux-arm64": "0.34.5", "@img/sharp-linux-ppc64": "0.34.5", "@img/sharp-linux-riscv64": "0.34.5", "@img/sharp-linux-s390x": "0.34.5", "@img/sharp-linux-x64": "0.34.5", "@img/sharp-linuxmusl-arm64": "0.34.5", "@img/sharp-linuxmusl-x64": "0.34.5", "@img/sharp-wasm32": "0.34.5", "@img/sharp-win32-arm64": "0.34.5", "@img/sharp-win32-ia32": "0.34.5", "@img/sharp-win32-x64": "0.34.5" } }, "sha512-Ou9I5Ft9WNcCbXrU9cMgPBcCK8LiwLqcbywW3t4oDV37n1pzpuNLsYiAV8eODnjbtQlSDwZ2cUEeQz4E54Hltg=="],

    "shebang-command": ["shebang-command@2.0.0", "", { "dependencies": { "shebang-regex": "^3.0.0" } }, "sha512-kHxr2zZpYtdmrN1qDjrrX/Z1rR1kG8Dx+gkpK1G4eXmvXswmcE1hTWBWYUzlraYw1/yZp6YuDY77YtvbN0dmDA=="],

    "shebang-regex": ["shebang-regex@3.0.0", "", {}, "sha512-7++dFhtcx3353uBaq8DDR4NuxBetBzC7ZQOhmTQInHEd6bSrXdiEyzCvG07Z44UYdLShWUyXt5M/yhz8ekcb1A=="],

    "signal-exit": ["signal-exit@4.1.0", "", {}, "sha512-bzyZ1e88w9O1iNJbKnOlvYTrWPDl46O1bG0D3XInv+9tkPrxrN8jUUTiFlDkkmKWgn1M6CfIA13SuGqOa9Korw=="],

    "tar": ["tar@7.5.19", "", { "dependencies": { "@isaacs/fs-minipass": "^4.0.0", "chownr": "^3.0.0", "minipass": "^7.1.2", "minizlib": "^3.1.0", "yallist": "^5.0.0" } }, "sha512-4LeEWl96twnS2Q7Bz4MGqgazLqO+hJN63GZxXoIqh1T3VweYD997gbU1ItNsQafqqXTXd5WFyFdReLtwvRBNiw=="],

    "tiny-inflate": ["tiny-inflate@1.0.3", "", {}, "sha512-pkY1fj1cKHb2seWDy0B16HeWyczlJA9/WW3u3c4z/NiWDsO3DOU5D7nhTLE9CF0yXv/QZFY7sEJmj24dK+Rrqw=="],

    "tslib": ["tslib@2.8.1", "", {}, "sha512-oJFu94HQb+KVduSUQL7wnpmqnfmLsOA/nAh6b6EH0wCEoK0/mPeXU6c3wKDV83MkOuHPRHtSXKKU99IBazS/2w=="],

    "typescript": ["typescript@5.9.3", "", { "bin": { "tsc": "bin/tsc", "tsserver": "bin/tsserver" } }, "sha512-jl1vZzPDinLr9eUt3J/t7V6FgNEw9QjvBPdysz9KfQDD41fQrC2Y4vKQdiaUpFT4bXlb1RHhLpp8wtm6M5TgSw=="],

    "undici": ["undici@7.28.0", "", {}, "sha512-cRZYrTDwWznlnRiPjggAGxZXanty6M8RV1ff8Wm4LWXBp7/IG8v5DnOm74DtUBp9OONpK75YlPnIjQqX0dBDtA=="],

    "undici-types": ["undici-types@8.3.0", "", {}, "sha512-j375ScV60dom+YkPFIfTLcOiPxkN/buHz5GobjLhixFuANaNs3C9l4GmrWqejgXWJ7BbJcFYpTEUkS1Ge8bpZQ=="],

    "unicode-properties": ["unicode-properties@1.4.1", "", { "dependencies": { "base64-js": "^1.3.0", "unicode-trie": "^2.0.0" } }, "sha512-CLjCCLQ6UuMxWnbIylkisbRj31qxHPAurvena/0iwSVbQ2G1VY5/HjV0IRabOEbDHlzZlRdCrD4NhB0JtU40Pg=="],

    "unicode-trie": ["unicode-trie@2.0.0", "", { "dependencies": { "pako": "^0.2.5", "tiny-inflate": "^1.0.0" } }, "sha512-x7bc76x0bm4prf1VLg79uhAzKw8DVboClSN5VxJuQ+LKDOVEW9CdH+VY7SP+vX7xCYQqzzgQpFqz15zeLvAtZQ=="],

    "vscode-languageserver-textdocument": ["vscode-languageserver-textdocument@1.0.12", "", {}, "sha512-cxWNPesCnQCcMPeenjKKsOCKQZ/L6Tv19DTRIGuLWe32lyzWhihGVJ/rcckZXJxfdKCFvRLS3fpBIsV/ZGX4zA=="],

    "vscode-languageserver-types": ["vscode-languageserver-types@3.18.0", "", {}, "sha512-8TsGPNMIMiiBdkORgRSvLjuiEIiAFtO+KssmYWxQ+uSVvlf7RjK8YKCOjPzZ+YA04jXEV7+7LvkSmHkhpNS99g=="],

    "which": ["which@2.0.2", "", { "dependencies": { "isexe": "^2.0.0" }, "bin": { "node-which": "./bin/node-which" } }, "sha512-BLI3Tl1TW3Pvl70l3yq3Y64i+awpwXqsGBYWkkqMtnbXgrMD+yj7rhW0kuEDxzJaYXGjEW5ogapKNMEKNMjibA=="],

    "yallist": ["yallist@5.0.0", "", {}, "sha512-YgvUTfwqyc7UXVMrB+SImsVYSmTS8X/tSrtdNZMImM+n7+QTriRXyXim0mBrTXNeqzVF0KWGgHPeiyViFFrNDw=="],

    "zod": ["zod@3.25.76", "", {}, "sha512-gzUt/qt81nXsFGKIFcC3YnfEAx5NkunCfnDlvuBSSFS02bcXu4Lmea0AFIUwbLWxWPx3d9p8S5QoaujKcNQxcQ=="],

    "@connectrpc/connect-node/undici": ["undici@5.29.0", "", { "dependencies": { "@fastify/busboy": "^2.0.0" } }, "sha512-raqeBD6NQK4SkWhQzeYKd1KmIG6dllBOTt55Rmkt4HtI9mwdWtJljnrXjAFUBLTSN67HWrOIZ3EPF4kjUw80Bg=="],

    "e2b/@bufbuild/protobuf": ["@bufbuild/protobuf@2.12.1", "", {}, "sha512-BvAMfS6LrgZiryOAZ4pBYucu4wG/Ei/9o9DZ9akbREnMLbPJiom2i8b9C8IsKErQoiKqVhrerzt3kOT/RrzLHg=="],

    "e2b/@connectrpc/connect": ["@connectrpc/connect@2.0.0-rc.3", "", { "peerDependencies": { "@bufbuild/protobuf": "^2.2.0" } }, "sha512-ARBt64yEyKbanyRETTjcjJuHr2YXorzQo0etyS5+P6oSeW8xEuzajA9g+zDnMcj1hlX2dQE93foIWQGfpru7gQ=="],

    "e2b/@connectrpc/connect-web": ["@connectrpc/connect-web@2.0.0-rc.3", "", { "peerDependencies": { "@bufbuild/protobuf": "^2.2.0", "@connectrpc/connect": "2.0.0-rc.3" } }, "sha512-w88P8Lsn5CCsA7MFRl2e6oLY4J/5toiNtJns/YJrlyQaWOy3RO8pDgkz+iIkG98RPMhj2thuBvsd3Cn4DKKCkw=="],
  }
}
